
Microsoft Visual Studio Solution File, Format Version 12.00
# Visual Studio 14
VisualStudioVersion = 14.0.25420.1
MinimumVisualStudioVersion = 10.0.40219.1
Project("{FAE04EC0-301F-11D3-BF4B-00C04F79EFBC}") = "BetaMart2", "BetaMart2\BetaMart2.csproj", "{D7DECA93-5E9E-4676-BBCF-01758849E736}"
EndProject
Global
	GlobalSection(SolutionConfigurationPlatforms) = preSolution
		Debug|Any CPU = Debug|Any CPU
		Release|Any CPU = Release|Any CPU
	EndGlobalSection
	GlobalSection(ProjectConfigurationPlatforms) = postSolution
		{D7DECA93-5E9E-4676-BBCF-01758849E736}.Debug|Any CPU.ActiveCfg = Debug|Any CPU
		{D7DECA93-5E9E-4676-BBCF-01758849E736}.Debug|Any CPU.Build.0 = Debug|Any CPU
		{D7DECA93-5E9E-4676-BBCF-01758849E736}.Release|Any CPU.ActiveCfg = Release|Any CPU
		{D7DECA93-5E9E-4676-BBCF-01758849E736}.Release|Any CPU.Build.0 = Release|Any CPU
	EndGlobalSection
	GlobalSection(SolutionProperties) = preSolution
		HideSolutionNode = FALSE
	EndGlobalSection
EndGlobal
